
Microsoft Visual Studio Solution File, Format Version 12.00
Project("{FAE04EC0-301F-11D3-BF4B-00C04F79EFBC}") = "Übung E01", "Übung E01\Übung E01.csproj", "{2CF2385E-20AB-4D6F-BDA0-237FC889C614}"
EndProject
Global
	GlobalSection(SolutionConfigurationPlatforms) = preSolution
		Debug|Any CPU = Debug|Any CPU
		Release|Any CPU = Release|Any CPU
	EndGlobalSection
	GlobalSection(ProjectConfigurationPlatforms) = postSolution
		{2CF2385E-20AB-4D6F-BDA0-237FC889C614}.Debug|Any CPU.ActiveCfg = Debug|Any CPU
		{2CF2385E-20AB-4D6F-BDA0-237FC889C614}.Debug|Any CPU.Build.0 = Debug|Any CPU
		{2CF2385E-20AB-4D6F-BDA0-237FC889C614}.Release|Any CPU.ActiveCfg = Release|Any CPU
		{2CF2385E-20AB-4D6F-BDA0-237FC889C614}.Release|Any CPU.Build.0 = Release|Any CPU
	EndGlobalSection
EndGlobal
